{
  "originHash" : "f5d150d1a01d082b6545e6a2c0556116103421088aee76bdf66e51fa01177747",
  "pins" : [
    {
      "identity" : "swift-argument-parser",
      "kind" : "remoteSourceControl",
      "location" : "https://github.com/apple/swift-argument-parser",
      "state" : {
        "branch" : "main",
        "revision" : "1fb5308335f6eba91aed9764525542a48780c428"
      }
    }
  ],
  "version" : 3
}
